{
  "name": "ngx-sds-login",
  "version": "0.0.1",
  "lockfileVersion": 2,
  "requires": true,
  "packages": {
    "": {
      "name": "ngx-sds-login",
      "version": "0.0.1",
      "dependencies": {
        "@azure/msal-angular": "^2.5.8",
        "@azure/msal-browser": "^2.37.1",
        "tslib": "^2.3.0"
      },
      "peerDependencies": {
        "@angular/common": "^15.1.0",
        "@angular/core": "^15.1.0",
        "@ngrx/effects": "^15.1.0",
        "@ngrx/store": "^15.1.0",
        "@ngrx/store-devtools": "^15.1.0",
        "sweetalert2": "^11.0.17"
      }
    },
    "node_modules/@angular/common": {
      "version": "15.2.9",
      "resolved": "https://registry.npmjs.org/@angular/common/-/common-15.2.9.tgz",
      "integrity": "sha512-LM9/UHG2dRrOzlu2KovrFwWIziFMjRxHzSP3Igw6Symw/wIl0kXGq8Fn6RpFP78zmLqnv+IQOoRiby9MCXsI4g==",
      "peer": true,
      "dependencies": {
        "tslib": "^2.3.0"
      },
      "engines": {
        "node": "^14.20.0 || ^16.13.0 || >=18.10.0"
      },
      "peerDependencies": {
        "@angular/core": "15.2.9",
        "rxjs": "^6.5.3 || ^7.4.0"
      }
    },
    "node_modules/@angular/core": {
      "version": "15.2.9",
      "resolved": "https://registry.npmjs.org/@angular/core/-/core-15.2.9.tgz",
      "integrity": "sha512-w46Z1yUXCQfKV7XfnamOoLA2VD0MVUUYVrUjO73mHSskDXSXxfZAEHO9kfUS71Cj35PvhP3mbkqWscpea2WeYg==",
      "peer": true,
      "dependencies": {
        "tslib": "^2.3.0"
      },
      "engines": {
        "node": "^14.20.0 || ^16.13.0 || >=18.10.0"
      },
      "peerDependencies": {
        "rxjs": "^6.5.3 || ^7.4.0",
        "zone.js": "~0.11.4 || ~0.12.0 || ~0.13.0"
      }
    },
    "node_modules/@azure/msal-angular": {
      "version": "2.5.8",
      "resolved": "https://registry.npmjs.org/@azure/msal-angular/-/msal-angular-2.5.8.tgz",
      "integrity": "sha512-/yxCZ8tA+QpUCg67ORBlXpA7M3kyICMB6lUC5Hqq8AqGh55diCwO+FkmK47lRkRjhKch0r8xOTLzK1esF699Ng==",
      "dependencies": {
        "tslib": "^2.0.0"
      },
      "peerDependencies": {
        "@azure/msal-browser": "^2.37.1",
        "rxjs": "^6.0.0 || ^7.0.0"
      }
    },
    "node_modules/@azure/msal-browser": {
      "version": "2.37.1",
      "resolved": "https://registry.npmjs.org/@azure/msal-browser/-/msal-browser-2.37.1.tgz",
      "integrity": "sha512-EoKQISEpIY39Ru1OpWkeFZBcwp6Y0bG81bVmdyy4QJebPPDdVzfm62PSU0XFIRc3bqjZ4PBKBLMYLuo9NZYAow==",
      "dependencies": {
        "@azure/msal-common": "13.1.0"
      },
      "engines": {
        "node": ">=0.8.0"
      }
    },
    "node_modules/@azure/msal-common": {
      "version": "13.1.0",
      "resolved": "https://registry.npmjs.org/@azure/msal-common/-/msal-common-13.1.0.tgz",
      "integrity": "sha512-wj+ULrRB0HTuMmtrMjg8j3guCx32GE2BCPbsMCZkHgL1BZetC3o/Su5UJEQMX1HNc9CrIaQNx5WaKWHygYDe0g==",
      "engines": {
        "node": ">=0.8.0"
      }
    },
    "node_modules/@ngrx/effects": {
      "version": "15.1.0",
      "resolved": "https://registry.npmjs.org/@ngrx/effects/-/effects-15.1.0.tgz",
      "integrity": "sha512-/8YnhzyAOTdI9RYJAqmIIvh8ip4M4x4DrRyrdDDc62oFM3TrVOvknUUpMp5NxKpKph8hSpevAwaeEBDWGnKkjg==",
      "peer": true,
      "dependencies": {
        "tslib": "^2.0.0"
      },
      "peerDependencies": {
        "@angular/core": "^15.0.0",
        "@ngrx/store": "15.1.0",
        "rxjs": "^6.5.3 || ^7.5.0"
      }
    },
    "node_modules/@ngrx/store": {
      "version": "15.1.0",
      "resolved": "https://registry.npmjs.org/@ngrx/store/-/store-15.1.0.tgz",
      "integrity": "sha512-Wxjme7yJnxD6il6fGZdFTdSs9gL+6OFW8/II9vApFokUb0E7UQBm8RYb9dYJ2IQJvWXwO+2ItSaecRUZgt39kA==",
      "peer": true,
      "dependencies": {
        "tslib": "^2.0.0"
      },
      "peerDependencies": {
        "@angular/core": "^15.0.0",
        "rxjs": "^6.5.3 || ^7.5.0"
      }
    },
    "node_modules/@ngrx/store-devtools": {
      "version": "15.1.0",
      "resolved": "https://registry.npmjs.org/@ngrx/store-devtools/-/store-devtools-15.1.0.tgz",
      "integrity": "sha512-InEFdjg2cE0nLgdWWcjXa50SFlzxSVOoeudRqkqQlJlpJ/0RPljlRXHXT63E5cUpryTxYdK2QcE4n5vngq/48g==",
      "peer": true,
      "dependencies": {
        "tslib": "^2.0.0"
      },
      "peerDependencies": {
        "@ngrx/store": "15.1.0",
        "rxjs": "^6.5.3 || ^7.5.0"
      }
    },
    "node_modules/rxjs": {
      "version": "7.8.1",
      "resolved": "https://registry.npmjs.org/rxjs/-/rxjs-7.8.1.tgz",
      "integrity": "sha512-AA3TVj+0A2iuIoQkWEK/tqFjBq2j+6PO6Y0zJcvzLAFhEFIO3HL0vls9hWLncZbAAbK0mar7oZ4V079I/qPMxg==",
      "peer": true,
      "dependencies": {
        "tslib": "^2.1.0"
      }
    },
    "node_modules/sweetalert2": {
      "version": "11.0.17",
      "resolved": "https://registry.npmjs.org/sweetalert2/-/sweetalert2-11.0.17.tgz",
      "integrity": "sha512-oaCGCNjMU648bDg5+/mdStfFNG9sYEejeEZQY8JpAakUM0pLflB3neNyArAZGcWNUQX1y/jOeRdzcNE05Una4A==",
      "peer": true,
      "funding": {
        "url": "https://sweetalert2.github.io/#donations"
      }
    },
    "node_modules/tslib": {
      "version": "2.5.3",
      "resolved": "https://registry.npmjs.org/tslib/-/tslib-2.5.3.tgz",
      "integrity": "sha512-mSxlJJwl3BMEQCUNnxXBU9jP4JBktcEGhURcPR6VQVlnP0FdDEsIaz0C35dXNGLyRfrATNofF0F5p2KPxQgB+w=="
    },
    "node_modules/zone.js": {
      "version": "0.13.1",
      "resolved": "https://registry.npmjs.org/zone.js/-/zone.js-0.13.1.tgz",
      "integrity": "sha512-+bIeDAFEBYuXRuU3qGQvzdPap+N1zjM4KkBAiiQuVVCrHrhjDuY6VkUhNa5+U27+9w0q3fbKiMCbpJ0XzMmSWA==",
      "peer": true,
      "dependencies": {
        "tslib": "^2.3.0"
      }
    }
  },
  "dependencies": {
    "@angular/common": {
      "version": "15.2.9",
      "resolved": "https://registry.npmjs.org/@angular/common/-/common-15.2.9.tgz",
      "integrity": "sha512-LM9/UHG2dRrOzlu2KovrFwWIziFMjRxHzSP3Igw6Symw/wIl0kXGq8Fn6RpFP78zmLqnv+IQOoRiby9MCXsI4g==",
      "peer": true,
      "requires": {
        "tslib": "^2.3.0"
      }
    },
    "@angular/core": {
      "version": "15.2.9",
      "resolved": "https://registry.npmjs.org/@angular/core/-/core-15.2.9.tgz",
      "integrity": "sha512-w46Z1yUXCQfKV7XfnamOoLA2VD0MVUUYVrUjO73mHSskDXSXxfZAEHO9kfUS71Cj35PvhP3mbkqWscpea2WeYg==",
      "peer": true,
      "requires": {
        "tslib": "^2.3.0"
      }
    },
    "@azure/msal-angular": {
      "version": "2.5.8",
      "resolved": "https://registry.npmjs.org/@azure/msal-angular/-/msal-angular-2.5.8.tgz",
      "integrity": "sha512-/yxCZ8tA+QpUCg67ORBlXpA7M3kyICMB6lUC5Hqq8AqGh55diCwO+FkmK47lRkRjhKch0r8xOTLzK1esF699Ng==",
      "requires": {
        "tslib": "^2.0.0"
      }
    },
    "@azure/msal-browser": {
      "version": "2.37.1",
      "resolved": "https://registry.npmjs.org/@azure/msal-browser/-/msal-browser-2.37.1.tgz",
      "integrity": "sha512-EoKQISEpIY39Ru1OpWkeFZBcwp6Y0bG81bVmdyy4QJebPPDdVzfm62PSU0XFIRc3bqjZ4PBKBLMYLuo9NZYAow==",
      "requires": {
        "@azure/msal-common": "13.1.0"
      }
    },
    "@azure/msal-common": {
      "version": "13.1.0",
      "resolved": "https://registry.npmjs.org/@azure/msal-common/-/msal-common-13.1.0.tgz",
      "integrity": "sha512-wj+ULrRB0HTuMmtrMjg8j3guCx32GE2BCPbsMCZkHgL1BZetC3o/Su5UJEQMX1HNc9CrIaQNx5WaKWHygYDe0g=="
    },
    "@ngrx/effects": {
      "version": "15.1.0",
      "resolved": "https://registry.npmjs.org/@ngrx/effects/-/effects-15.1.0.tgz",
      "integrity": "sha512-/8YnhzyAOTdI9RYJAqmIIvh8ip4M4x4DrRyrdDDc62oFM3TrVOvknUUpMp5NxKpKph8hSpevAwaeEBDWGnKkjg==",
      "peer": true,
      "requires": {
        "tslib": "^2.0.0"
      }
    },
    "@ngrx/store": {
      "version": "15.1.0",
      "resolved": "https://registry.npmjs.org/@ngrx/store/-/store-15.1.0.tgz",
      "integrity": "sha512-Wxjme7yJnxD6il6fGZdFTdSs9gL+6OFW8/II9vApFokUb0E7UQBm8RYb9dYJ2IQJvWXwO+2ItSaecRUZgt39kA==",
      "peer": true,
      "requires": {
        "tslib": "^2.0.0"
      }
    },
    "@ngrx/store-devtools": {
      "version": "15.1.0",
      "resolved": "https://registry.npmjs.org/@ngrx/store-devtools/-/store-devtools-15.1.0.tgz",
      "integrity": "sha512-InEFdjg2cE0nLgdWWcjXa50SFlzxSVOoeudRqkqQlJlpJ/0RPljlRXHXT63E5cUpryTxYdK2QcE4n5vngq/48g==",
      "peer": true,
      "requires": {
        "tslib": "^2.0.0"
      }
    },
    "rxjs": {
      "version": "7.8.1",
      "resolved": "https://registry.npmjs.org/rxjs/-/rxjs-7.8.1.tgz",
      "integrity": "sha512-AA3TVj+0A2iuIoQkWEK/tqFjBq2j+6PO6Y0zJcvzLAFhEFIO3HL0vls9hWLncZbAAbK0mar7oZ4V079I/qPMxg==",
      "peer": true,
      "requires": {
        "tslib": "^2.1.0"
      }
    },
    "sweetalert2": {
      "version": "11.0.17",
      "resolved": "https://registry.npmjs.org/sweetalert2/-/sweetalert2-11.0.17.tgz",
      "integrity": "sha512-oaCGCNjMU648bDg5+/mdStfFNG9sYEejeEZQY8JpAakUM0pLflB3neNyArAZGcWNUQX1y/jOeRdzcNE05Una4A==",
      "peer": true
    },
    "tslib": {
      "version": "2.5.3",
      "resolved": "https://registry.npmjs.org/tslib/-/tslib-2.5.3.tgz",
      "integrity": "sha512-mSxlJJwl3BMEQCUNnxXBU9jP4JBktcEGhURcPR6VQVlnP0FdDEsIaz0C35dXNGLyRfrATNofF0F5p2KPxQgB+w=="
    },
    "zone.js": {
      "version": "0.13.1",
      "resolved": "https://registry.npmjs.org/zone.js/-/zone.js-0.13.1.tgz",
      "integrity": "sha512-+bIeDAFEBYuXRuU3qGQvzdPap+N1zjM4KkBAiiQuVVCrHrhjDuY6VkUhNa5+U27+9w0q3fbKiMCbpJ0XzMmSWA==",
      "peer": true,
      "requires": {
        "tslib": "^2.3.0"
      }
    }
  }
}
